
Microsoft Visual Studio Solution File, Format Version 12.00
# Visual Studio Version 17
VisualStudioVersion = 17.10.34928.147
MinimumVisualStudioVersion = 10.0.40219.1
Project("{8BC9CEB8-8B4A-11D0-8D11-00A0C91BC942}") = "Project1", "Project1.vcxproj", "{94AD453C-7E54-4FAA-BB08-A8DE5CB2BB41}"
EndProject
Global
	GlobalSection(SolutionConfigurationPlatforms) = preSolution
		Debug|x64 = Debug|x64
		Debug|x86 = Debug|x86
		Release|x64 = Release|x64
		Release|x86 = Release|x86
	EndGlobalSection
	GlobalSection(ProjectConfigurationPlatforms) = postSolution
		{94AD453C-7E54-4FAA-BB08-A8DE5CB2BB41}.Debug|x64.ActiveCfg = Debug|x64
		{94AD453C-7E54-4FAA-BB08-A8DE5CB2BB41}.Debug|x64.Build.0 = Debug|x64
		{94AD453C-7E54-4FAA-BB08-A8DE5CB2BB41}.Debug|x86.ActiveCfg = Debug|Win32
		{94AD453C-7E54-4FAA-BB08-A8DE5CB2BB41}.Debug|x86.Build.0 = Debug|Win32
		{94AD453C-7E54-4FAA-BB08-A8DE5CB2BB41}.Release|x64.ActiveCfg = Release|x64
		{94AD453C-7E54-4FAA-BB08-A8DE5CB2BB41}.Release|x64.Build.0 = Release|x64
		{94AD453C-7E54-4FAA-BB08-A8DE5CB2BB41}.Release|x86.ActiveCfg = Release|Win32
		{94AD453C-7E54-4FAA-BB08-A8DE5CB2BB41}.Release|x86.Build.0 = Release|Win32
	EndGlobalSection
	GlobalSection(SolutionProperties) = preSolution
		HideSolutionNode = FALSE
	EndGlobalSection
	GlobalSection(ExtensibilityGlobals) = postSolution
		SolutionGuid = {272E1C1C-9382-46C1-9229-394A8BF1B1B6}
	EndGlobalSection
EndGlobal
